# This file is automatically @generated by Cargo.
# It is not intended for manual editing.
version = 4

[[package]]
name = "bitflags"
version = "2.9.1"
source = "registry+https://github.com/rust-lang/crates.io-index"
checksum = "1b8e56985ec62d17e9c1001dc89c88ecd7dc08e47eba5ec7c29c7b5eeecde967"

[[package]]
name = "greet"
version = "0.1.0"
dependencies = [
 "wit-bindgen-rt",
]

[[package]]
name = "wit-bindgen-rt"
version = "0.44.0"
source = "registry+https://github.com/rust-lang/crates.io-index"
checksum = "653c85dd7aee6fe6f4bded0d242406deadae9819029ce6f7d258c920c384358a"
dependencies = [
 "bitflags",
]
